
Microsoft Visual Studio Solution File, Format Version 12.00
# Visual Studio Version 17
VisualStudioVersion = 17.10.35013.160
MinimumVisualStudioVersion = 10.0.40219.1
Project("{FAE04EC0-301F-11D3-BF4B-00C04F79EFBC}") = "TagFin.API", "TagFin.API\TagFin.API.csproj", "{7A175FBB-957A-4D2F-8BB5-156DDE7C469F}"
EndProject
Project("{FAE04EC0-301F-11D3-BF4B-00C04F79EFBC}") = "TagFin.Domain", "TagFin.Domain\TagFin.Domain.csproj", "{F0FEBE61-88E9-48DF-BE27-48DF14540641}"
EndProject
Project("{FAE04EC0-301F-11D3-BF4B-00C04F79EFBC}") = "TagFin.Services", "TagFin.Services\TagFin.Services.csproj", "{254550C8-20BD-4D64-B013-559797B123BC}"
EndProject
Global
	GlobalSection(SolutionConfigurationPlatforms) = preSolution
		Debug|Any CPU = Debug|Any CPU
		Release|Any CPU = Release|Any CPU
	EndGlobalSection
	GlobalSection(ProjectConfigurationPlatforms) = postSolution
		{7A175FBB-957A-4D2F-8BB5-156DDE7C469F}.Debug|Any CPU.ActiveCfg = Debug|Any CPU
		{7A175FBB-957A-4D2F-8BB5-156DDE7C469F}.Debug|Any CPU.Build.0 = Debug|Any CPU
		{7A175FBB-957A-4D2F-8BB5-156DDE7C469F}.Release|Any CPU.ActiveCfg = Release|Any CPU
		{7A175FBB-957A-4D2F-8BB5-156DDE7C469F}.Release|Any CPU.Build.0 = Release|Any CPU
		{F0FEBE61-88E9-48DF-BE27-48DF14540641}.Debug|Any CPU.ActiveCfg = Debug|Any CPU
		{F0FEBE61-88E9-48DF-BE27-48DF14540641}.Debug|Any CPU.Build.0 = Debug|Any CPU
		{F0FEBE61-88E9-48DF-BE27-48DF14540641}.Release|Any CPU.ActiveCfg = Release|Any CPU
		{F0FEBE61-88E9-48DF-BE27-48DF14540641}.Release|Any CPU.Build.0 = Release|Any CPU
		{254550C8-20BD-4D64-B013-559797B123BC}.Debug|Any CPU.ActiveCfg = Debug|Any CPU
		{254550C8-20BD-4D64-B013-559797B123BC}.Debug|Any CPU.Build.0 = Debug|Any CPU
		{254550C8-20BD-4D64-B013-559797B123BC}.Release|Any CPU.ActiveCfg = Release|Any CPU
		{254550C8-20BD-4D64-B013-559797B123BC}.Release|Any CPU.Build.0 = Release|Any CPU
	EndGlobalSection
	GlobalSection(SolutionProperties) = preSolution
		HideSolutionNode = FALSE
	EndGlobalSection
	GlobalSection(ExtensibilityGlobals) = postSolution
		SolutionGuid = {EDA1EB2E-70E1-48B2-B233-B1E7529A7AAA}
	EndGlobalSection
EndGlobal
